// !$*UTF8*$!
{
	archiveVersion = 1;
	classes = {
	};
	objectVersion = 46;
	objects = {

/* Begin PBXBuildFile section */
		E73B66371AB025B300961A50 /* AppDelegate.swift in Sources */ = {isa = PBXBuildFile; fileRef = E73B66361AB025B300961A50 /* AppDelegate.swift */; };
		E73B66391AB025B300961A50 /* RecordSoundsViewController.swift in Sources */ = {isa = PBXBuildFile; fileRef = E73B66381AB025B300961A50 /* RecordSoundsViewController.swift */; };
		E73B663E1AB025B300961A50 /* Images.xcassets in Resources */ = {isa = PBXBuildFile; fileRef = E73B663D1AB025B300961A50 /* Images.xcassets */; };
		E73B66411AB025B300961A50 /* LaunchScreen.xib in Resources */ = {isa = PBXBuildFile; fileRef = E73B663F1AB025B300961A50 /* LaunchScreen.xib */; };
		E73B664D1AB025B300961A50 /* Pitch_PerfectTests.swift in Sources */ = {isa = PBXBuildFile; fileRef = E73B664C1AB025B300961A50 /* Pitch_PerfectTests.swift */; };
		E7E2E6261AB2206800DD9DF6 /* PlaySoundsViewController.swift in Sources */ = {isa = PBXBuildFile; fileRef = E7E2E6251AB2206800DD9DF6 /* PlaySoundsViewController.swift */; };
		E7E2E6281AB2267D00DD9DF6 /* movie_quote.mp3 in Resources */ = {isa = PBXBuildFile; fileRef = E7E2E6271AB2267D00DD9DF6 /* movie_quote.mp3 */; };
		E7E2E62D1AB2517400DD9DF6 /* Main.storyboard in Resources */ = {isa = PBXBuildFile; fileRef = E7E2E62B1AB2517400DD9DF6 /* Main.storyboard */; };
		E7E2E62F1AB2537800DD9DF6 /* RecordedAudio.swift in Sources */ = {isa = PBXBuildFile; fileRef = E7E2E62E1AB2537800DD9DF6 /* RecordedAudio.swift */; };
/* End PBXBuildFile section */

/* Begin PBXContainerItemProxy section */
		E73B66471AB025B300961A50 /* PBXContainerItemProxy */ = {
			isa = PBXContainerItemProxy;
			containerPortal = E73B66291AB025B300961A50 /* Project object */;
			proxyType = 1;
			remoteGlobalIDString = E73B66301AB025B300961A50;
			remoteInfo = "Pitch Perfect";
		};
/* End PBXContainerItemProxy section */

/* Begin PBXFileReference section */
		E73B66311AB025B300961A50 /* Pitch Perfect.app */ = {isa = PBXFileReference; explicitFileType = wrapper.application; includeInIndex = 0; path = "Pitch Perfect.app"; sourceTree = BUILT_PRODUCTS_DIR; };
		E73B66351AB025B300961A50 /* Info.plist */ = {isa = PBXFileReference; lastKnownFileType = text.plist.xml; path = Info.plist; sourceTree = "<group>"; };
		E73B66361AB025B300961A50 /* AppDelegate.swift */ = {isa = PBXFileReference; lastKnownFileType = sourcecode.swift; path = AppDelegate.swift; sourceTree = "<group>"; };
		E73B66381AB025B300961A50 /* RecordSoundsViewController.swift */ = {isa = PBXFileReference; lastKnownFileType = sourcecode.swift; path = RecordSoundsViewController.swift; sourceTree = "<group>"; };
		E73B663D1AB025B300961A50 /* Images.xcassets */ = {isa = PBXFileReference; lastKnownFileType = folder.assetcatalog; path = Images.xcassets; sourceTree = "<group>"; };
		E73B66401AB025B300961A50 /* Base */ = {isa = PBXFileReference; lastKnownFileType = file.xib; name = Base; path = Base.lproj/LaunchScreen.xib; sourceTree = "<group>"; };
		E73B66461AB025B300961A50 /* Pitch PerfectTests.xctest */ = {isa = PBXFileReference; explicitFileType = wrapper.cfbundle; includeInIndex = 0; path = "Pitch PerfectTests.xctest"; sourceTree = BUILT_PRODUCTS_DIR; };
		E73B664B1AB025B300961A50 /* Info.plist */ = {isa = PBXFileReference; lastKnownFileType = text.plist.xml; path = Info.plist; sourceTree = "<group>"; };
		E73B664C1AB025B300961A50 /* Pitch_PerfectTests.swift */ = {isa = PBXFileReference; lastKnownFileType = sourcecode.swift; path = Pitch_PerfectTests.swift; sourceTree = "<group>"; };
		E7E2E6251AB2206800DD9DF6 /* PlaySoundsViewController.swift */ = {isa = PBXFileReference; fileEncoding = 4; lastKnownFileType = sourcecode.swift; path = PlaySoundsViewController.swift; sourceTree = "<group>"; };
		E7E2E6271AB2267D00DD9DF6 /* movie_quote.mp3 */ = {isa = PBXFileReference; lastKnownFileType = audio.mp3; name = movie_quote.mp3; path = ../../movie_quote.mp3; sourceTree = "<group>"; };
		E7E2E62C1AB2517400DD9DF6 /* Base */ = {isa = PBXFileReference; lastKnownFileType = file.storyboard; name = Base; path = Base.lproj/Main.storyboard; sourceTree = "<group>"; };
		E7E2E62E1AB2537800DD9DF6 /* RecordedAudio.swift */ = {isa = PBXFileReference; fileEncoding = 4; lastKnownFileType = sourcecode.swift; path = RecordedAudio.swift; sourceTree = "<group>"; };
/* End PBXFileReference section */

/* Begin PBXFrameworksBuildPhase section */
		E73B662E1AB025B300961A50 /* Frameworks */ = {
			isa = PBXFrameworksBuildPhase;
			buildActionMask = 2147483647;
			files = (
			);
			runOnlyForDeploymentPostprocessing = 0;
		};
		E73B66431AB025B300961A50 /* Frameworks */ = {
			isa = PBXFrameworksBuildPhase;
			buildActionMask = 2147483647;
			files = (
			);
			runOnlyForDeploymentPostprocessing = 0;
		};
/* End PBXFrameworksBuildPhase section */

/* Begin PBXGroup section */
		E73B66281AB025B300961A50 = {
			isa = PBXGroup;
			children = (
				E73B66331AB025B300961A50 /* Pitch Perfect */,
				E73B66491AB025B300961A50 /* Pitch PerfectTests */,
				E73B66321AB025B300961A50 /* Products */,
			);
			sourceTree = "<group>";
		};
		E73B66321AB025B300961A50 /* Products */ = {
			isa = PBXGroup;
			children = (
				E73B66311AB025B300961A50 /* Pitch Perfect.app */,
				E73B66461AB025B300961A50 /* Pitch PerfectTests.xctest */,
			);
			name = Products;
			sourceTree = "<group>";
		};
		E73B66331AB025B300961A50 /* Pitch Perfect */ = {
			isa = PBXGroup;
			children = (
				E7E2E62B1AB2517400DD9DF6 /* Main.storyboard */,
				E7E2E62E1AB2537800DD9DF6 /* RecordedAudio.swift */,
				E73B66361AB025B300961A50 /* AppDelegate.swift */,
				E73B66381AB025B300961A50 /* RecordSoundsViewController.swift */,
				E7E2E6251AB2206800DD9DF6 /* PlaySoundsViewController.swift */,
				E73B663D1AB025B300961A50 /* Images.xcassets */,
				E73B663F1AB025B300961A50 /* LaunchScreen.xib */,
				E73B66341AB025B300961A50 /* Supporting Files */,
			);
			path = "Pitch Perfect";
			sourceTree = "<group>";
		};
		E73B66341AB025B300961A50 /* Supporting Files */ = {
			isa = PBXGroup;
			children = (
				E7E2E6271AB2267D00DD9DF6 /* movie_quote.mp3 */,
				E73B66351AB025B300961A50 /* Info.plist */,
			);
			name = "Supporting Files";
			sourceTree = "<group>";
		};
		E73B66491AB025B300961A50 /* Pitch PerfectTests */ = {
			isa = PBXGroup;
			children = (
				E73B664C1AB025B300961A50 /* Pitch_PerfectTests.swift */,
				E73B664A1AB025B300961A50 /* Supporting Files */,
			);
			path = "Pitch PerfectTests";
			sourceTree = "<group>";
		};
		E73B664A1AB025B300961A50 /* Supporting Files */ = {
			isa = PBXGroup;
			children = (
				E73B664B1AB025B300961A50 /* Info.plist */,
			);
			name = "Supporting Files";
			sourceTree = "<group>";
		};
/* End PBXGroup section */

/* Begin PBXNativeTarget section */
		E73B66301AB025B300961A50 /* Pitch Perfect */ = {
			isa = PBXNativeTarget;
			buildConfigurationList = E73B66501AB025B300961A50 /* Build configuration list for PBXNativeTarget "Pitch Perfect" */;
			buildPhases = (
				E73B662D1AB025B300961A50 /* Sources */,
				E73B662E1AB025B300961A50 /* Frameworks */,
				E73B662F1AB025B300961A50 /* Resources */,
			);
			buildRules = (
			);
			dependencies = (
			);
			name = "Pitch Perfect";
			productName = "Pitch Perfect";
			productReference = E73B66311AB025B300961A50 /* Pitch Perfect.app */;
			productType = "com.apple.product-type.application";
		};
		E73B66451AB025B300961A50 /* Pitch PerfectTests */ = {
			isa = PBXNativeTarget;
			buildConfigurationList = E73B66531AB025B300961A50 /* Build configuration list for PBXNativeTarget "Pitch PerfectTests" */;
			buildPhases = (
				E73B66421AB025B300961A50 /* Sources */,
				E73B66431AB025B300961A50 /* Frameworks */,
				E73B66441AB025B300961A50 /* Resources */,
			);
			buildRules = (
			);
			dependencies = (
				E73B66481AB025B300961A50 /* PBXTargetDependency */,
			);
			name = "Pitch PerfectTests";
			productName = "Pitch PerfectTests";
			productReference = E73B66461AB025B300961A50 /* Pitch PerfectTests.xctest */;
			productType = "com.apple.product-type.bundle.unit-test";
		};
/* End PBXNativeTarget section */

/* Begin PBXProject section */
		E73B66291AB025B300961A50 /* Project object */ = {
			isa = PBXProject;
			attributes = {
				LastUpgradeCheck = 0620;
				ORGANIZATIONNAME = "Yilen Pan";
				TargetAttributes = {
					E73B66301AB025B300961A50 = {
						CreatedOnToolsVersion = 6.2;
					};
					E73B66451AB025B300961A50 = {
						CreatedOnToolsVersion = 6.2;
						TestTargetID = E73B66301AB025B300961A50;
					};
				};
			};
			buildConfigurationList = E73B662C1AB025B300961A50 /* Build configuration list for PBXProject "Pitch Perfect" */;
			compatibilityVersion = "Xcode 3.2";
			developmentRegion = English;
			hasScannedForEncodings = 0;
			knownRegions = (
				en,
				Base,
			);
			mainGroup = E73B66281AB025B300961A50;
			productRefGroup = E73B66321AB025B300961A50 /* Products */;
			projectDirPath = "";
			projectRoot = "";
			targets = (
				E73B66301AB025B300961A50 /* Pitch Perfect */,
				E73B66451AB025B300961A50 /* Pitch PerfectTests */,
			);
		};
/* End PBXProject section */

/* Begin PBXResourcesBuildPhase section */
		E73B662F1AB025B300961A50 /* Resources */ = {
			isa = PBXResourcesBuildPhase;
			buildActionMask = 2147483647;
			files = (
				E73B66411AB025B300961A50 /* LaunchScreen.xib in Resources */,
				E7E2E6281AB2267D00DD9DF6 /* movie_quote.mp3 in Resources */,
				E73B663E1AB025B300961A50 /* Images.xcassets in Resources */,
				E7E2E62D1AB2517400DD9DF6 /* Main.storyboard in Resources */,
			);
			runOnlyForDeploymentPostprocessing = 0;
		};
		E73B66441AB025B300961A50 /* Resources */ = {
			isa = PBXResourcesBuildPhase;
			buildActionMask = 2147483647;
			files = (
			);
			runOnlyForDeploymentPostprocessing = 0;
		};
/* End PBXResourcesBuildPhase section */

/* Begin PBXSourcesBuildPhase section */
		E73B662D1AB025B300961A50 /* Sources */ = {
			isa = PBXSourcesBuildPhase;
			buildActionMask = 2147483647;
			files = (
				E7E2E62F1AB2537800DD9DF6 /* RecordedAudio.swift in Sources */,
				E73B66391AB025B300961A50 /* RecordSoundsViewController.swift in Sources */,
				E7E2E6261AB2206800DD9DF6 /* PlaySoundsViewController.swift in Sources */,
				E73B66371AB025B300961A50 /* AppDelegate.swift in Sources */,
			);
			runOnlyForDeploymentPostprocessing = 0;
		};
		E73B66421AB025B300961A50 /* Sources */ = {
			isa = PBXSourcesBuildPhase;
			buildActionMask = 2147483647;
			files = (
				E73B664D1AB025B300961A50 /* Pitch_PerfectTests.swift in Sources */,
			);
			runOnlyForDeploymentPostprocessing = 0;
		};
/* End PBXSourcesBuildPhase section */

/* Begin PBXTargetDependency section */
		E73B66481AB025B300961A50 /* PBXTargetDependency */ = {
			isa = PBXTargetDependency;
			target = E73B66301AB025B300961A50 /* Pitch Perfect */;
			targetProxy = E73B66471AB025B300961A50 /* PBXContainerItemProxy */;
		};
/* End PBXTargetDependency section */

/* Begin PBXVariantGroup section */
		E73B663F1AB025B300961A50 /* LaunchScreen.xib */ = {
			isa = PBXVariantGroup;
			children = (
				E73B66401AB025B300961A50 /* Base */,
			);
			name = LaunchScreen.xib;
			sourceTree = "<group>";
		};
		E7E2E62B1AB2517400DD9DF6 /* Main.storyboard */ = {
			isa = PBXVariantGroup;
			children = (
				E7E2E62C1AB2517400DD9DF6 /* Base */,
			);
			name = Main.storyboard;
			sourceTree = "<group>";
		};
/* End PBXVariantGroup section */

/* Begin XCBuildConfiguration section */
		E73B664E1AB025B300961A50 /* Debug */ = {
			isa = XCBuildConfiguration;
			buildSettings = {
				ALWAYS_SEARCH_USER_PATHS = NO;
				CLANG_CXX_LANGUAGE_STANDARD = "gnu++0x";
				CLANG_CXX_LIBRARY = "libc++";
				CLANG_ENABLE_MODULES = YES;
				CLANG_ENABLE_OBJC_ARC = YES;
				CLANG_WARN_BOOL_CONVERSION = YES;
				CLANG_WARN_CONSTANT_CONVERSION = YES;
				CLANG_WARN_DIRECT_OBJC_ISA_USAGE = YES_ERROR;
				CLANG_WARN_EMPTY_BODY = YES;
				CLANG_WARN_ENUM_CONVERSION = YES;
				CLANG_WARN_INT_CONVERSION = YES;
				CLANG_WARN_OBJC_ROOT_CLASS = YES_ERROR;
				CLANG_WARN_UNREACHABLE_CODE = YES;
				CLANG_WARN__DUPLICATE_METHOD_MATCH = YES;
				"CODE_SIGN_IDENTITY[sdk=iphoneos*]" = "iPhone Developer";
				COPY_PHASE_STRIP = NO;
				ENABLE_STRICT_OBJC_MSGSEND = YES;
				GCC_C_LANGUAGE_STANDARD = gnu99;
				GCC_DYNAMIC_NO_PIC = NO;
				GCC_OPTIMIZATION_LEVEL = 0;
				GCC_PREPROCESSOR_DEFINITIONS = (
					"DEBUG=1",
					"$(inherited)",
				);
				GCC_SYMBOLS_PRIVATE_EXTERN = NO;
				GCC_WARN_64_TO_32_BIT_CONVERSION = YES;
				GCC_WARN_ABOUT_RETURN_TYPE = YES_ERROR;
				GCC_WARN_UNDECLARED_SELECTOR = YES;
				GCC_WARN_UNINITIALIZED_AUTOS = YES_AGGRESSIVE;
				GCC_WARN_UNUSED_FUNCTION = YES;
				GCC_WARN_UNUSED_VARIABLE = YES;
				IPHONEOS_DEPLOYMENT_TARGET = 8.2;
				MTL_ENABLE_DEBUG_INFO = YES;
				ONLY_ACTIVE_ARCH = YES;
				SDKROOT = iphoneos;
				SWIFT_OPTIMIZATION_LEVEL = "-Onone";
			};
			name = Debug;
		};
		E73B664F1AB025B300961A50 /* Release */ = {
			isa = XCBuildConfiguration;
			buildSettings = {
				ALWAYS_SEARCH_USER_PATHS = NO;
				CLANG_CXX_LANGUAGE_STANDARD = "gnu++0x";
				CLANG_CXX_LIBRARY = "libc++";
				CLANG_ENABLE_MODULES = YES;
				CLANG_ENABLE_OBJC_ARC = YES;
				CLANG_WARN_BOOL_CONVERSION = YES;
				CLANG_WARN_CONSTANT_CONVERSION = YES;
				CLANG_WARN_DIRECT_OBJC_ISA_USAGE = YES_ERROR;
				CLANG_WARN_EMPTY_BODY = YES;
				CLANG_WARN_ENUM_CONVERSION = YES;
				CLANG_WARN_INT_CONVERSION = YES;
				CLANG_WARN_OBJC_ROOT_CLASS = YES_ERROR;
				CLANG_WARN_UNREACHABLE_CODE = YES;
				CLANG_WARN__DUPLICATE_METHOD_MATCH = YES;
				"CODE_SIGN_IDENTITY[sdk=iphoneos*]" = "iPhone Developer";
				COPY_PHASE_STRIP = NO;
				ENABLE_NS_ASSERTIONS = NO;
				ENABLE_STRICT_OBJC_MSGSEND = YES;
				GCC_C_LANGUAGE_STANDARD = gnu99;
				GCC_WARN_64_TO_32_BIT_CONVERSION = YES;
				GCC_WARN_ABOUT_RETURN_TYPE = YES_ERROR;
				GCC_WARN_UNDECLARED_SELECTOR = YES;
				GCC_WARN_UNINITIALIZED_AUTOS = YES_AGGRESSIVE;
				GCC_WARN_UNUSED_FUNCTION = YES;
				GCC_WARN_UNUSED_VARIABLE = YES;
				IPHONEOS_DEPLOYMENT_TARGET = 8.2;
				MTL_ENABLE_DEBUG_INFO = NO;
				SDKROOT = iphoneos;
				VALIDATE_PRODUCT = YES;
			};
			name = Release;
		};
		E73B66511AB025B300961A50 /* Debug */ = {
			isa = XCBuildConfiguration;
			buildSettings = {
				ASSETCATALOG_COMPILER_APPICON_NAME = AppIcon;
				INFOPLIST_FILE = "Pitch Perfect/Info.plist";
				LD_RUNPATH_SEARCH_PATHS = "$(inherited) @executable_path/Frameworks";
				PRODUCT_NAME = "$(TARGET_NAME)";
			};
			name = Debug;
		};
		E73B66521AB025B300961A50 /* Release */ = {
			isa = XCBuildConfiguration;
			buildSettings = {
				ASSETCATALOG_COMPILER_APPICON_NAME = AppIcon;
				INFOPLIST_FILE = "Pitch Perfect/Info.plist";
				LD_RUNPATH_SEARCH_PATHS = "$(inherited) @executable_path/Frameworks";
				PRODUCT_NAME = "$(TARGET_NAME)";
			};
			name = Release;
		};
		E73B66541AB025B300961A50 /* Debug */ = {
			isa = XCBuildConfiguration;
			buildSettings = {
				BUNDLE_LOADER = "$(TEST_HOST)";
				FRAMEWORK_SEARCH_PATHS = (
					"$(SDKROOT)/Developer/Library/Frameworks",
					"$(inherited)",
				);
				GCC_PREPROCESSOR_DEFINITIONS = (
					"DEBUG=1",
					"$(inherited)",
				);
				INFOPLIST_FILE = "Pitch PerfectTests/Info.plist";
				LD_RUNPATH_SEARCH_PATHS = "$(inherited) @executable_path/Frameworks @loader_path/Frameworks";
				PRODUCT_NAME = "$(TARGET_NAME)";
				TEST_HOST = "$(BUILT_PRODUCTS_DIR)/Pitch Perfect.app/Pitch Perfect";
			};
			name = Debug;
		};
		E73B66551AB025B300961A50 /* Release */ = {
			isa = XCBuildConfiguration;
			buildSettings = {
				BUNDLE_LOADER = "$(TEST_HOST)";
				FRAMEWORK_SEARCH_PATHS = (
					"$(SDKROOT)/Developer/Library/Frameworks",
					"$(inherited)",
				);
				INFOPLIST_FILE = "Pitch PerfectTests/Info.plist";
				LD_RUNPATH_SEARCH_PATHS = "$(inherited) @executable_path/Frameworks @loader_path/Frameworks";
				PRODUCT_NAME = "$(TARGET_NAME)";
				TEST_HOST = "$(BUILT_PRODUCTS_DIR)/Pitch Perfect.app/Pitch Perfect";
			};
			name = Release;
		};
/* End XCBuildConfiguration section */

/* Begin XCConfigurationList section */
		E73B662C1AB025B300961A50 /* Build configuration list for PBXProject "Pitch Perfect" */ = {
			isa = XCConfigurationList;
			buildConfigurations = (
				E73B664E1AB025B300961A50 /* Debug */,
				E73B664F1AB025B300961A50 /* Release */,
			);
			defaultConfigurationIsVisible = 0;
			defaultConfigurationName = Release;
		};
		E73B66501AB025B300961A50 /* Build configuration list for PBXNativeTarget "Pitch Perfect" */ = {
			isa = XCConfigurationList;
			buildConfigurations = (
				E73B66511AB025B300961A50 /* Debug */,
				E73B66521AB025B300961A50 /* Release */,
			);
			defaultConfigurationIsVisible = 0;
			defaultConfigurationName = Release;
		};
		E73B66531AB025B300961A50 /* Build configuration list for PBXNativeTarget "Pitch PerfectTests" */ = {
			isa = XCConfigurationList;
			buildConfigurations = (
				E73B66541AB025B300961A50 /* Debug */,
				E73B66551AB025B300961A50 /* Release */,
			);
			defaultConfigurationIsVisible = 0;
			defaultConfigurationName = Release;
		};
/* End XCConfigurationList section */
	};
	rootObject = E73B66291AB025B300961A50 /* Project object */;
}
